// !$*UTF8*$!
{
	archiveVersion = 1;
	classes = {
	};
	objectVersion = 50;
	objects = {

/* Begin PBXBuildFile section */
		2E5CA0C12401E46100539B72 /* CountryTableViewCell.swift in Sources */ = {isa = PBXBuildFile; fileRef = 2E5CA0BF2401E46100539B72 /* CountryTableViewCell.swift */; };
		2E5CA0C22401E46100539B72 /* CountryTableViewCell.xib in Resources */ = {isa = PBXBuildFile; fileRef = 2E5CA0C02401E46100539B72 /* CountryTableViewCell.xib */; };
		2E5CA0C42401EC4E00539B72 /* ImageLoader.swift in Sources */ = {isa = PBXBuildFile; fileRef = 2E5CA0C32401EC4E00539B72 /* ImageLoader.swift */; };
		2E5CA0CB2401FB5300539B72 /* AttractionCollectionViewController.swift in Sources */ = {isa = PBXBuildFile; fileRef = 2E5CA0C92401FB5300539B72 /* AttractionCollectionViewController.swift */; };
		2E5CA0CC2401FB5300539B72 /* AttractionCollectionViewController.xib in Resources */ = {isa = PBXBuildFile; fileRef = 2E5CA0CA2401FB5300539B72 /* AttractionCollectionViewController.xib */; };
		2E5CA0CF2401FB8C00539B72 /* AttractionCollectionViewCell.swift in Sources */ = {isa = PBXBuildFile; fileRef = 2E5CA0CD2401FB8C00539B72 /* AttractionCollectionViewCell.swift */; };
		2E5CA0D02401FB8C00539B72 /* AttractionCollectionViewCell.xib in Resources */ = {isa = PBXBuildFile; fileRef = 2E5CA0CE2401FB8C00539B72 /* AttractionCollectionViewCell.xib */; };
		2EAFEE752401A7C400AA90B1 /* AppDelegate.swift in Sources */ = {isa = PBXBuildFile; fileRef = 2EAFEE742401A7C400AA90B1 /* AppDelegate.swift */; };
		2EAFEE772401A7C400AA90B1 /* SceneDelegate.swift in Sources */ = {isa = PBXBuildFile; fileRef = 2EAFEE762401A7C400AA90B1 /* SceneDelegate.swift */; };
		2EAFEE792401A7C400AA90B1 /* CountryViewController.swift in Sources */ = {isa = PBXBuildFile; fileRef = 2EAFEE782401A7C400AA90B1 /* CountryViewController.swift */; };
		2EAFEE7C2401A7C400AA90B1 /* Main.storyboard in Resources */ = {isa = PBXBuildFile; fileRef = 2EAFEE7A2401A7C400AA90B1 /* Main.storyboard */; };
		2EAFEE7E2401A7C500AA90B1 /* Assets.xcassets in Resources */ = {isa = PBXBuildFile; fileRef = 2EAFEE7D2401A7C500AA90B1 /* Assets.xcassets */; };
		2EAFEE812401A7C500AA90B1 /* LaunchScreen.storyboard in Resources */ = {isa = PBXBuildFile; fileRef = 2EAFEE7F2401A7C500AA90B1 /* LaunchScreen.storyboard */; };
		2EAFEE8D2401A9AB00AA90B1 /* Country.swift in Sources */ = {isa = PBXBuildFile; fileRef = 2EAFEE8C2401A9AB00AA90B1 /* Country.swift */; };
		2EAFEE8F2401AA1C00AA90B1 /* Attraction.swift in Sources */ = {isa = PBXBuildFile; fileRef = 2EAFEE8E2401AA1C00AA90B1 /* Attraction.swift */; };
		2EAFEE922401CE9500AA90B1 /* NetworkHelper.swift in Sources */ = {isa = PBXBuildFile; fileRef = 2EAFEE912401CE9500AA90B1 /* NetworkHelper.swift */; };
		2EAFEE942401D08200AA90B1 /* AppError.swift in Sources */ = {isa = PBXBuildFile; fileRef = 2EAFEE932401D08200AA90B1 /* AppError.swift */; };
		B76755CCE9CD1BDA4B36753C /* Pods_DiscoverWorld.framework in Frameworks */ = {isa = PBXBuildFile; fileRef = 2DC30835A4E5357AA0AD8C1D /* Pods_DiscoverWorld.framework */; };
/* End PBXBuildFile section */

/* Begin PBXFileReference section */
		287578DDA21467A0FDAE16A0 /* Pods-DiscoverWorld.release.xcconfig */ = {isa = PBXFileReference; includeInIndex = 1; lastKnownFileType = text.xcconfig; name = "Pods-DiscoverWorld.release.xcconfig"; path = "Target Support Files/Pods-DiscoverWorld/Pods-DiscoverWorld.release.xcconfig"; sourceTree = "<group>"; };
		2DC30835A4E5357AA0AD8C1D /* Pods_DiscoverWorld.framework */ = {isa = PBXFileReference; explicitFileType = wrapper.framework; includeInIndex = 0; path = Pods_DiscoverWorld.framework; sourceTree = BUILT_PRODUCTS_DIR; };
		2E5CA0BF2401E46100539B72 /* CountryTableViewCell.swift */ = {isa = PBXFileReference; lastKnownFileType = sourcecode.swift; path = CountryTableViewCell.swift; sourceTree = "<group>"; };
		2E5CA0C02401E46100539B72 /* CountryTableViewCell.xib */ = {isa = PBXFileReference; lastKnownFileType = file.xib; path = CountryTableViewCell.xib; sourceTree = "<group>"; };
		2E5CA0C32401EC4E00539B72 /* ImageLoader.swift */ = {isa = PBXFileReference; lastKnownFileType = sourcecode.swift; path = ImageLoader.swift; sourceTree = "<group>"; };
		2E5CA0C92401FB5300539B72 /* AttractionCollectionViewController.swift */ = {isa = PBXFileReference; lastKnownFileType = sourcecode.swift; path = AttractionCollectionViewController.swift; sourceTree = "<group>"; };
		2E5CA0CA2401FB5300539B72 /* AttractionCollectionViewController.xib */ = {isa = PBXFileReference; lastKnownFileType = file.xib; path = AttractionCollectionViewController.xib; sourceTree = "<group>"; };
		2E5CA0CD2401FB8C00539B72 /* AttractionCollectionViewCell.swift */ = {isa = PBXFileReference; lastKnownFileType = sourcecode.swift; path = AttractionCollectionViewCell.swift; sourceTree = "<group>"; };
		2E5CA0CE2401FB8C00539B72 /* AttractionCollectionViewCell.xib */ = {isa = PBXFileReference; lastKnownFileType = file.xib; path = AttractionCollectionViewCell.xib; sourceTree = "<group>"; };
		2EAFEE712401A7C400AA90B1 /* DiscoverWorld.app */ = {isa = PBXFileReference; explicitFileType = wrapper.application; includeInIndex = 0; path = DiscoverWorld.app; sourceTree = BUILT_PRODUCTS_DIR; };
		2EAFEE742401A7C400AA90B1 /* AppDelegate.swift */ = {isa = PBXFileReference; lastKnownFileType = sourcecode.swift; path = AppDelegate.swift; sourceTree = "<group>"; };
		2EAFEE762401A7C400AA90B1 /* SceneDelegate.swift */ = {isa = PBXFileReference; lastKnownFileType = sourcecode.swift; path = SceneDelegate.swift; sourceTree = "<group>"; };
		2EAFEE782401A7C400AA90B1 /* CountryViewController.swift */ = {isa = PBXFileReference; lastKnownFileType = sourcecode.swift; path = CountryViewController.swift; sourceTree = "<group>"; };
		2EAFEE7B2401A7C400AA90B1 /* Base */ = {isa = PBXFileReference; lastKnownFileType = file.storyboard; name = Base; path = Base.lproj/Main.storyboard; sourceTree = "<group>"; };
		2EAFEE7D2401A7C500AA90B1 /* Assets.xcassets */ = {isa = PBXFileReference; lastKnownFileType = folder.assetcatalog; path = Assets.xcassets; sourceTree = "<group>"; };
		2EAFEE802401A7C500AA90B1 /* Base */ = {isa = PBXFileReference; lastKnownFileType = file.storyboard; name = Base; path = Base.lproj/LaunchScreen.storyboard; sourceTree = "<group>"; };
		2EAFEE822401A7C500AA90B1 /* Info.plist */ = {isa = PBXFileReference; lastKnownFileType = text.plist.xml; path = Info.plist; sourceTree = "<group>"; };
		2EAFEE8C2401A9AB00AA90B1 /* Country.swift */ = {isa = PBXFileReference; lastKnownFileType = sourcecode.swift; path = Country.swift; sourceTree = "<group>"; };
		2EAFEE8E2401AA1C00AA90B1 /* Attraction.swift */ = {isa = PBXFileReference; lastKnownFileType = sourcecode.swift; path = Attraction.swift; sourceTree = "<group>"; };
		2EAFEE912401CE9500AA90B1 /* NetworkHelper.swift */ = {isa = PBXFileReference; lastKnownFileType = sourcecode.swift; path = NetworkHelper.swift; sourceTree = "<group>"; };
		2EAFEE932401D08200AA90B1 /* AppError.swift */ = {isa = PBXFileReference; lastKnownFileType = sourcecode.swift; path = AppError.swift; sourceTree = "<group>"; };
		9E2CFAE278FD99AF9530367A /* Pods-DiscoverWorld.debug.xcconfig */ = {isa = PBXFileReference; includeInIndex = 1; lastKnownFileType = text.xcconfig; name = "Pods-DiscoverWorld.debug.xcconfig"; path = "Target Support Files/Pods-DiscoverWorld/Pods-DiscoverWorld.debug.xcconfig"; sourceTree = "<group>"; };
/* End PBXFileReference section */

/* Begin PBXFrameworksBuildPhase section */
		2EAFEE6E2401A7C400AA90B1 /* Frameworks */ = {
			isa = PBXFrameworksBuildPhase;
			buildActionMask = 2147483647;
			files = (
				B76755CCE9CD1BDA4B36753C /* Pods_DiscoverWorld.framework in Frameworks */,
			);
			runOnlyForDeploymentPostprocessing = 0;
		};
/* End PBXFrameworksBuildPhase section */

/* Begin PBXGroup section */
		2E5CA0C52401FAFF00539B72 /* Attractions */ = {
			isa = PBXGroup;
			children = (
				2E5CA0C82401FB2600539B72 /* Controllers */,
				2E5CA0C62401FB1000539B72 /* Views */,
			);
			path = Attractions;
			sourceTree = "<group>";
		};
		2E5CA0C62401FB1000539B72 /* Views */ = {
			isa = PBXGroup;
			children = (
				2E5CA0CD2401FB8C00539B72 /* AttractionCollectionViewCell.swift */,
				2E5CA0CE2401FB8C00539B72 /* AttractionCollectionViewCell.xib */,
			);
			path = Views;
			sourceTree = "<group>";
		};
		2E5CA0C82401FB2600539B72 /* Controllers */ = {
			isa = PBXGroup;
			children = (
				2E5CA0C92401FB5300539B72 /* AttractionCollectionViewController.swift */,
				2E5CA0CA2401FB5300539B72 /* AttractionCollectionViewController.xib */,
			);
			path = Controllers;
			sourceTree = "<group>";
		};
		2EAFEE682401A7C400AA90B1 = {
			isa = PBXGroup;
			children = (
				2EAFEE732401A7C400AA90B1 /* DiscoverWorld */,
				2EAFEE722401A7C400AA90B1 /* Products */,
				3EC68D28BA87765BB648DA79 /* Pods */,
				52F6FFFD0DE56F0BE45D6B49 /* Frameworks */,
			);
			sourceTree = "<group>";
		};
		2EAFEE722401A7C400AA90B1 /* Products */ = {
			isa = PBXGroup;
			children = (
				2EAFEE712401A7C400AA90B1 /* DiscoverWorld.app */,
			);
			name = Products;
			sourceTree = "<group>";
		};
		2EAFEE732401A7C400AA90B1 /* DiscoverWorld */ = {
			isa = PBXGroup;
			children = (
				2E5CA0C52401FAFF00539B72 /* Attractions */,
				2EAFEE902401CE7500AA90B1 /* Networking */,
				2EAFEE8B2401A99700AA90B1 /* Models */,
				2EAFEE882401A93600AA90B1 /* Application */,
				2EAFEEA02401E3F600AA90B1 /* Country */,
				2EAFEE892401A94000AA90B1 /* Views */,
				2EAFEE7D2401A7C500AA90B1 /* Assets.xcassets */,
				2EAFEE822401A7C500AA90B1 /* Info.plist */,
			);
			path = DiscoverWorld;
			sourceTree = "<group>";
		};
		2EAFEE882401A93600AA90B1 /* Application */ = {
			isa = PBXGroup;
			children = (
				2EAFEE742401A7C400AA90B1 /* AppDelegate.swift */,
				2EAFEE762401A7C400AA90B1 /* SceneDelegate.swift */,
				2EAFEE7F2401A7C500AA90B1 /* LaunchScreen.storyboard */,
			);
			path = Application;
			sourceTree = "<group>";
		};
		2EAFEE892401A94000AA90B1 /* Views */ = {
			isa = PBXGroup;
			children = (
				2EAFEE7A2401A7C400AA90B1 /* Main.storyboard */,
			);
			path = Views;
			sourceTree = "<group>";
		};
		2EAFEE8A2401A94700AA90B1 /* Controllers */ = {
			isa = PBXGroup;
			children = (
				2EAFEE782401A7C400AA90B1 /* CountryViewController.swift */,
			);
			path = Controllers;
			sourceTree = "<group>";
		};
		2EAFEE8B2401A99700AA90B1 /* Models */ = {
			isa = PBXGroup;
			children = (
				2EAFEE8C2401A9AB00AA90B1 /* Country.swift */,
				2EAFEE8E2401AA1C00AA90B1 /* Attraction.swift */,
			);
			path = Models;
			sourceTree = "<group>";
		};
		2EAFEE902401CE7500AA90B1 /* Networking */ = {
			isa = PBXGroup;
			children = (
				2EAFEE912401CE9500AA90B1 /* NetworkHelper.swift */,
				2EAFEE932401D08200AA90B1 /* AppError.swift */,
				2E5CA0C32401EC4E00539B72 /* ImageLoader.swift */,
			);
			path = Networking;
			sourceTree = "<group>";
		};
		2EAFEEA02401E3F600AA90B1 /* Country */ = {
			isa = PBXGroup;
			children = (
				2EAFEEA22401E42300AA90B1 /* Views */,
				2EAFEE8A2401A94700AA90B1 /* Controllers */,
			);
			path = Country;
			sourceTree = "<group>";
		};
		2EAFEEA22401E42300AA90B1 /* Views */ = {
			isa = PBXGroup;
			children = (
				2E5CA0BF2401E46100539B72 /* CountryTableViewCell.swift */,
				2E5CA0C02401E46100539B72 /* CountryTableViewCell.xib */,
			);
			path = Views;
			sourceTree = "<group>";
		};
		3EC68D28BA87765BB648DA79 /* Pods */ = {
			isa = PBXGroup;
			children = (
				9E2CFAE278FD99AF9530367A /* Pods-DiscoverWorld.debug.xcconfig */,
				287578DDA21467A0FDAE16A0 /* Pods-DiscoverWorld.release.xcconfig */,
			);
			path = Pods;
			sourceTree = "<group>";
		};
		52F6FFFD0DE56F0BE45D6B49 /* Frameworks */ = {
			isa = PBXGroup;
			children = (
				2DC30835A4E5357AA0AD8C1D /* Pods_DiscoverWorld.framework */,
			);
			name = Frameworks;
			sourceTree = "<group>";
		};
/* End PBXGroup section */

/* Begin PBXNativeTarget section */
		2EAFEE702401A7C400AA90B1 /* DiscoverWorld */ = {
			isa = PBXNativeTarget;
			buildConfigurationList = 2EAFEE852401A7C500AA90B1 /* Build configuration list for PBXNativeTarget "DiscoverWorld" */;
			buildPhases = (
				D9E6B23CB81C60E6036875FE /* [CP] Check Pods Manifest.lock */,
				2EAFEE6D2401A7C400AA90B1 /* Sources */,
				2EAFEE6E2401A7C400AA90B1 /* Frameworks */,
				2EAFEE6F2401A7C400AA90B1 /* Resources */,
				2EAFEE962401DE7500AA90B1 /* ShellScript */,
			);
			buildRules = (
			);
			dependencies = (
			);
			name = DiscoverWorld;
			productName = DiscoverWorld;
			productReference = 2EAFEE712401A7C400AA90B1 /* DiscoverWorld.app */;
			productType = "com.apple.product-type.application";
		};
/* End PBXNativeTarget section */

/* Begin PBXProject section */
		2EAFEE692401A7C400AA90B1 /* Project object */ = {
			isa = PBXProject;
			attributes = {
				LastSwiftUpdateCheck = 1130;
				LastUpgradeCheck = 1130;
				ORGANIZATIONNAME = "Ashli Rankin";
				TargetAttributes = {
					2EAFEE702401A7C400AA90B1 = {
						CreatedOnToolsVersion = 11.3.1;
					};
				};
			};
			buildConfigurationList = 2EAFEE6C2401A7C400AA90B1 /* Build configuration list for PBXProject "DiscoverWorld" */;
			compatibilityVersion = "Xcode 9.3";
			developmentRegion = en;
			hasScannedForEncodings = 0;
			knownRegions = (
				en,
				Base,
			);
			mainGroup = 2EAFEE682401A7C400AA90B1;
			productRefGroup = 2EAFEE722401A7C400AA90B1 /* Products */;
			projectDirPath = "";
			projectRoot = "";
			targets = (
				2EAFEE702401A7C400AA90B1 /* DiscoverWorld */,
			);
		};
/* End PBXProject section */

/* Begin PBXResourcesBuildPhase section */
		2EAFEE6F2401A7C400AA90B1 /* Resources */ = {
			isa = PBXResourcesBuildPhase;
			buildActionMask = 2147483647;
			files = (
				2E5CA0C22401E46100539B72 /* CountryTableViewCell.xib in Resources */,
				2EAFEE812401A7C500AA90B1 /* LaunchScreen.storyboard in Resources */,
				2E5CA0D02401FB8C00539B72 /* AttractionCollectionViewCell.xib in Resources */,
				2EAFEE7E2401A7C500AA90B1 /* Assets.xcassets in Resources */,
				2E5CA0CC2401FB5300539B72 /* AttractionCollectionViewController.xib in Resources */,
				2EAFEE7C2401A7C400AA90B1 /* Main.storyboard in Resources */,
			);
			runOnlyForDeploymentPostprocessing = 0;
		};
/* End PBXResourcesBuildPhase section */

/* Begin PBXShellScriptBuildPhase section */
		2EAFEE962401DE7500AA90B1 /* ShellScript */ = {
			isa = PBXShellScriptBuildPhase;
			buildActionMask = 2147483647;
			files = (
			);
			inputFileListPaths = (
			);
			inputPaths = (
			);
			outputFileListPaths = (
			);
			outputPaths = (
			);
			runOnlyForDeploymentPostprocessing = 0;
			shellPath = /bin/sh;
			shellScript = "${PODS_ROOT}/SwiftLint/swiftlint\n";
		};
		D9E6B23CB81C60E6036875FE /* [CP] Check Pods Manifest.lock */ = {
			isa = PBXShellScriptBuildPhase;
			buildActionMask = 2147483647;
			files = (
			);
			inputFileListPaths = (
			);
			inputPaths = (
				"${PODS_PODFILE_DIR_PATH}/Podfile.lock",
				"${PODS_ROOT}/Manifest.lock",
			);
			name = "[CP] Check Pods Manifest.lock";
			outputFileListPaths = (
			);
			outputPaths = (
				"$(DERIVED_FILE_DIR)/Pods-DiscoverWorld-checkManifestLockResult.txt",
			);
			runOnlyForDeploymentPostprocessing = 0;
			shellPath = /bin/sh;
			shellScript = "diff \"${PODS_PODFILE_DIR_PATH}/Podfile.lock\" \"${PODS_ROOT}/Manifest.lock\" > /dev/null\nif [ $? != 0 ] ; then\n    # print error to STDERR\n    echo \"error: The sandbox is not in sync with the Podfile.lock. Run 'pod install' or update your CocoaPods installation.\" >&2\n    exit 1\nfi\n# This output is used by Xcode 'outputs' to avoid re-running this script phase.\necho \"SUCCESS\" > \"${SCRIPT_OUTPUT_FILE_0}\"\n";
			showEnvVarsInLog = 0;
		};
/* End PBXShellScriptBuildPhase section */

/* Begin PBXSourcesBuildPhase section */
		2EAFEE6D2401A7C400AA90B1 /* Sources */ = {
			isa = PBXSourcesBuildPhase;
			buildActionMask = 2147483647;
			files = (
				2EAFEE8D2401A9AB00AA90B1 /* Country.swift in Sources */,
				2E5CA0CB2401FB5300539B72 /* AttractionCollectionViewController.swift in Sources */,
				2EAFEE792401A7C400AA90B1 /* CountryViewController.swift in Sources */,
				2EAFEE8F2401AA1C00AA90B1 /* Attraction.swift in Sources */,
				2EAFEE752401A7C400AA90B1 /* AppDelegate.swift in Sources */,
				2E5CA0CF2401FB8C00539B72 /* AttractionCollectionViewCell.swift in Sources */,
				2E5CA0C12401E46100539B72 /* CountryTableViewCell.swift in Sources */,
				2E5CA0C42401EC4E00539B72 /* ImageLoader.swift in Sources */,
				2EAFEE922401CE9500AA90B1 /* NetworkHelper.swift in Sources */,
				2EAFEE772401A7C400AA90B1 /* SceneDelegate.swift in Sources */,
				2EAFEE942401D08200AA90B1 /* AppError.swift in Sources */,
			);
			runOnlyForDeploymentPostprocessing = 0;
		};
/* End PBXSourcesBuildPhase section */

/* Begin PBXVariantGroup section */
		2EAFEE7A2401A7C400AA90B1 /* Main.storyboard */ = {
			isa = PBXVariantGroup;
			children = (
				2EAFEE7B2401A7C400AA90B1 /* Base */,
			);
			name = Main.storyboard;
			sourceTree = "<group>";
		};
		2EAFEE7F2401A7C500AA90B1 /* LaunchScreen.storyboard */ = {
			isa = PBXVariantGroup;
			children = (
				2EAFEE802401A7C500AA90B1 /* Base */,
			);
			name = LaunchScreen.storyboard;
			sourceTree = "<group>";
		};
/* End PBXVariantGroup section */

/* Begin XCBuildConfiguration section */
		2EAFEE832401A7C500AA90B1 /* Debug */ = {
			isa = XCBuildConfiguration;
			buildSettings = {
				ALWAYS_SEARCH_USER_PATHS = NO;
				CLANG_ANALYZER_NONNULL = YES;
				CLANG_ANALYZER_NUMBER_OBJECT_CONVERSION = YES_AGGRESSIVE;
				CLANG_CXX_LANGUAGE_STANDARD = "gnu++14";
				CLANG_CXX_LIBRARY = "libc++";
				CLANG_ENABLE_MODULES = YES;
				CLANG_ENABLE_OBJC_ARC = YES;
				CLANG_ENABLE_OBJC_WEAK = YES;
				CLANG_WARN_BLOCK_CAPTURE_AUTORELEASING = YES;
				CLANG_WARN_BOOL_CONVERSION = YES;
				CLANG_WARN_COMMA = YES;
				CLANG_WARN_CONSTANT_CONVERSION = YES;
				CLANG_WARN_DEPRECATED_OBJC_IMPLEMENTATIONS = YES;
				CLANG_WARN_DIRECT_OBJC_ISA_USAGE = YES_ERROR;
				CLANG_WARN_DOCUMENTATION_COMMENTS = YES;
				CLANG_WARN_EMPTY_BODY = YES;
				CLANG_WARN_ENUM_CONVERSION = YES;
				CLANG_WARN_INFINITE_RECURSION = YES;
				CLANG_WARN_INT_CONVERSION = YES;
				CLANG_WARN_NON_LITERAL_NULL_CONVERSION = YES;
				CLANG_WARN_OBJC_IMPLICIT_RETAIN_SELF = YES;
				CLANG_WARN_OBJC_LITERAL_CONVERSION = YES;
				CLANG_WARN_OBJC_ROOT_CLASS = YES_ERROR;
				CLANG_WARN_RANGE_LOOP_ANALYSIS = YES;
				CLANG_WARN_STRICT_PROTOTYPES = YES;
				CLANG_WARN_SUSPICIOUS_MOVE = YES;
				CLANG_WARN_UNGUARDED_AVAILABILITY = YES_AGGRESSIVE;
				CLANG_WARN_UNREACHABLE_CODE = YES;
				CLANG_WARN__DUPLICATE_METHOD_MATCH = YES;
				COPY_PHASE_STRIP = NO;
				DEBUG_INFORMATION_FORMAT = dwarf;
				ENABLE_STRICT_OBJC_MSGSEND = YES;
				ENABLE_TESTABILITY = YES;
				GCC_C_LANGUAGE_STANDARD = gnu11;
				GCC_DYNAMIC_NO_PIC = NO;
				GCC_NO_COMMON_BLOCKS = YES;
				GCC_OPTIMIZATION_LEVEL = 0;
				GCC_PREPROCESSOR_DEFINITIONS = (
					"DEBUG=1",
					"$(inherited)",
				);
				GCC_WARN_64_TO_32_BIT_CONVERSION = YES;
				GCC_WARN_ABOUT_RETURN_TYPE = YES_ERROR;
				GCC_WARN_UNDECLARED_SELECTOR = YES;
				GCC_WARN_UNINITIALIZED_AUTOS = YES_AGGRESSIVE;
				GCC_WARN_UNUSED_FUNCTION = YES;
				GCC_WARN_UNUSED_VARIABLE = YES;
				IPHONEOS_DEPLOYMENT_TARGET = 13.2;
				MTL_ENABLE_DEBUG_INFO = INCLUDE_SOURCE;
				MTL_FAST_MATH = YES;
				ONLY_ACTIVE_ARCH = YES;
				SDKROOT = iphoneos;
				SWIFT_ACTIVE_COMPILATION_CONDITIONS = DEBUG;
				SWIFT_OPTIMIZATION_LEVEL = "-Onone";
			};
			name = Debug;
		};
		2EAFEE842401A7C500AA90B1 /* Release */ = {
			isa = XCBuildConfiguration;
			buildSettings = {
				ALWAYS_SEARCH_USER_PATHS = NO;
				CLANG_ANALYZER_NONNULL = YES;
				CLANG_ANALYZER_NUMBER_OBJECT_CONVERSION = YES_AGGRESSIVE;
				CLANG_CXX_LANGUAGE_STANDARD = "gnu++14";
				CLANG_CXX_LIBRARY = "libc++";
				CLANG_ENABLE_MODULES = YES;
				CLANG_ENABLE_OBJC_ARC = YES;
				CLANG_ENABLE_OBJC_WEAK = YES;
				CLANG_WARN_BLOCK_CAPTURE_AUTORELEASING = YES;
				CLANG_WARN_BOOL_CONVERSION = YES;
				CLANG_WARN_COMMA = YES;
				CLANG_WARN_CONSTANT_CONVERSION = YES;
				CLANG_WARN_DEPRECATED_OBJC_IMPLEMENTATIONS = YES;
				CLANG_WARN_DIRECT_OBJC_ISA_USAGE = YES_ERROR;
				CLANG_WARN_DOCUMENTATION_COMMENTS = YES;
				CLANG_WARN_EMPTY_BODY = YES;
				CLANG_WARN_ENUM_CONVERSION = YES;
				CLANG_WARN_INFINITE_RECURSION = YES;
				CLANG_WARN_INT_CONVERSION = YES;
				CLANG_WARN_NON_LITERAL_NULL_CONVERSION = YES;
				CLANG_WARN_OBJC_IMPLICIT_RETAIN_SELF = YES;
				CLANG_WARN_OBJC_LITERAL_CONVERSION = YES;
				CLANG_WARN_OBJC_ROOT_CLASS = YES_ERROR;
				CLANG_WARN_RANGE_LOOP_ANALYSIS = YES;
				CLANG_WARN_STRICT_PROTOTYPES = YES;
				CLANG_WARN_SUSPICIOUS_MOVE = YES;
				CLANG_WARN_UNGUARDED_AVAILABILITY = YES_AGGRESSIVE;
				CLANG_WARN_UNREACHABLE_CODE = YES;
				CLANG_WARN__DUPLICATE_METHOD_MATCH = YES;
				COPY_PHASE_STRIP = NO;
				DEBUG_INFORMATION_FORMAT = "dwarf-with-dsym";
				ENABLE_NS_ASSERTIONS = NO;
				ENABLE_STRICT_OBJC_MSGSEND = YES;
				GCC_C_LANGUAGE_STANDARD = gnu11;
				GCC_NO_COMMON_BLOCKS = YES;
				GCC_WARN_64_TO_32_BIT_CONVERSION = YES;
				GCC_WARN_ABOUT_RETURN_TYPE = YES_ERROR;
				GCC_WARN_UNDECLARED_SELECTOR = YES;
				GCC_WARN_UNINITIALIZED_AUTOS = YES_AGGRESSIVE;
				GCC_WARN_UNUSED_FUNCTION = YES;
				GCC_WARN_UNUSED_VARIABLE = YES;
				IPHONEOS_DEPLOYMENT_TARGET = 13.2;
				MTL_ENABLE_DEBUG_INFO = NO;
				MTL_FAST_MATH = YES;
				SDKROOT = iphoneos;
				SWIFT_COMPILATION_MODE = wholemodule;
				SWIFT_OPTIMIZATION_LEVEL = "-O";
				VALIDATE_PRODUCT = YES;
			};
			name = Release;
		};
		2EAFEE862401A7C500AA90B1 /* Debug */ = {
			isa = XCBuildConfiguration;
			baseConfigurationReference = 9E2CFAE278FD99AF9530367A /* Pods-DiscoverWorld.debug.xcconfig */;
			buildSettings = {
				ASSETCATALOG_COMPILER_APPICON_NAME = AppIcon;
				CODE_SIGN_STYLE = Automatic;
				DEVELOPMENT_TEAM = ASLRJLYD2S;
				INFOPLIST_FILE = DiscoverWorld/Info.plist;
				LD_RUNPATH_SEARCH_PATHS = (
					"$(inherited)",
					"@executable_path/Frameworks",
				);
				PRODUCT_BUNDLE_IDENTIFIER = AshliRankin.DiscoverWorld;
				PRODUCT_NAME = "$(TARGET_NAME)";
				SWIFT_VERSION = 5.0;
				TARGETED_DEVICE_FAMILY = "1,2";
			};
			name = Debug;
		};
		2EAFEE872401A7C500AA90B1 /* Release */ = {
			isa = XCBuildConfiguration;
			baseConfigurationReference = 287578DDA21467A0FDAE16A0 /* Pods-DiscoverWorld.release.xcconfig */;
			buildSettings = {
				ASSETCATALOG_COMPILER_APPICON_NAME = AppIcon;
				CODE_SIGN_STYLE = Automatic;
				DEVELOPMENT_TEAM = ASLRJLYD2S;
				INFOPLIST_FILE = DiscoverWorld/Info.plist;
				LD_RUNPATH_SEARCH_PATHS = (
					"$(inherited)",
					"@executable_path/Frameworks",
				);
				PRODUCT_BUNDLE_IDENTIFIER = AshliRankin.DiscoverWorld;
				PRODUCT_NAME = "$(TARGET_NAME)";
				SWIFT_VERSION = 5.0;
				TARGETED_DEVICE_FAMILY = "1,2";
			};
			name = Release;
		};
/* End XCBuildConfiguration section */

/* Begin XCConfigurationList section */
		2EAFEE6C2401A7C400AA90B1 /* Build configuration list for PBXProject "DiscoverWorld" */ = {
			isa = XCConfigurationList;
			buildConfigurations = (
				2EAFEE832401A7C500AA90B1 /* Debug */,
				2EAFEE842401A7C500AA90B1 /* Release */,
			);
			defaultConfigurationIsVisible = 0;
			defaultConfigurationName = Release;
		};
		2EAFEE852401A7C500AA90B1 /* Build configuration list for PBXNativeTarget "DiscoverWorld" */ = {
			isa = XCConfigurationList;
			buildConfigurations = (
				2EAFEE862401A7C500AA90B1 /* Debug */,
				2EAFEE872401A7C500AA90B1 /* Release */,
			);
			defaultConfigurationIsVisible = 0;
			defaultConfigurationName = Release;
		};
/* End XCConfigurationList section */
	};
	rootObject = 2EAFEE692401A7C400AA90B1 /* Project object */;
}
